
Microsoft Visual Studio Solution File, Format Version 12.00
# Visual Studio Version 17
VisualStudioVersion = 17.9.34622.214
MinimumVisualStudioVersion = 10.0.40219.1
Project("{9A19103F-16F7-4668-BE54-9A1E7A4F7556}") = "Console App_FirstApp", "Console App_FirstApp.csproj", "{0943C903-77A4-4808-9D3B-3386EA8CB00A}"
EndProject
Project("{FAE04EC0-301F-11D3-BF4B-00C04F79EFBC}") = "ConsoleApp2_pie", "..\ConsoleApp2_pie\ConsoleApp2_pie.csproj", "{1C65266D-6228-4E22-B1D7-5A97D758A443}"
EndProject
Project("{FAE04EC0-301F-11D3-BF4B-00C04F79EFBC}") = "ConsoleApp_nta", "..\ConsoleApp1\ConsoleApp_nta.csproj", "{30C8011A-A702-4C95-AF59-A9DA19DE57A6}"
EndProject
Global
	GlobalSection(SolutionConfigurationPlatforms) = preSolution
		Debug|Any CPU = Debug|Any CPU
		Release|Any CPU = Release|Any CPU
	EndGlobalSection
	GlobalSection(ProjectConfigurationPlatforms) = postSolution
		{0943C903-77A4-4808-9D3B-3386EA8CB00A}.Debug|Any CPU.ActiveCfg = Debug|Any CPU
		{0943C903-77A4-4808-9D3B-3386EA8CB00A}.Debug|Any CPU.Build.0 = Debug|Any CPU
		{0943C903-77A4-4808-9D3B-3386EA8CB00A}.Release|Any CPU.ActiveCfg = Release|Any CPU
		{0943C903-77A4-4808-9D3B-3386EA8CB00A}.Release|Any CPU.Build.0 = Release|Any CPU
		{1C65266D-6228-4E22-B1D7-5A97D758A443}.Debug|Any CPU.ActiveCfg = Debug|Any CPU
		{1C65266D-6228-4E22-B1D7-5A97D758A443}.Debug|Any CPU.Build.0 = Debug|Any CPU
		{1C65266D-6228-4E22-B1D7-5A97D758A443}.Release|Any CPU.ActiveCfg = Release|Any CPU
		{1C65266D-6228-4E22-B1D7-5A97D758A443}.Release|Any CPU.Build.0 = Release|Any CPU
		{30C8011A-A702-4C95-AF59-A9DA19DE57A6}.Debug|Any CPU.ActiveCfg = Debug|Any CPU
		{30C8011A-A702-4C95-AF59-A9DA19DE57A6}.Debug|Any CPU.Build.0 = Debug|Any CPU
		{30C8011A-A702-4C95-AF59-A9DA19DE57A6}.Release|Any CPU.ActiveCfg = Release|Any CPU
		{30C8011A-A702-4C95-AF59-A9DA19DE57A6}.Release|Any CPU.Build.0 = Release|Any CPU
	EndGlobalSection
	GlobalSection(SolutionProperties) = preSolution
		HideSolutionNode = FALSE
	EndGlobalSection
	GlobalSection(ExtensibilityGlobals) = postSolution
		SolutionGuid = {AA51D446-BC6F-4075-8535-90F0254ADE19}
	EndGlobalSection
EndGlobal
